
Microsoft Visual Studio Solution File, Format Version 12.00
# Visual Studio Version 16
VisualStudioVersion = 16.0.30002.166
MinimumVisualStudioVersion = 10.0.40219.1
Project("{2150E333-8FDC-42A3-9474-1A3956D46DE8}") = "Services", "Services", "{ABAF6BD2-218E-4718-9DBB-309F3622FCD8}"
EndProject
Project("{2150E333-8FDC-42A3-9474-1A3956D46DE8}") = "Tests", "Tests", "{1488AC4C-E1AC-4800-8CA9-1526892A3224}"
EndProject
Project("{9A19103F-16F7-4668-BE54-9A1E7A4F7556}") = "MedicalSystem.Tests.Services.Consultation", "Tests\Consultation\MedicalSystem.Tests.Services.Consultation.csproj", "{78C8D9A3-C7D5-48BF-80FD-8D92D92F7E94}"
EndProject
Project("{9A19103F-16F7-4668-BE54-9A1E7A4F7556}") = "MedicalSystem.Tests.Services.Doctor", "Tests\Doctor\MedicalSystem.Tests.Services.Doctor.csproj", "{8FC74F4C-8E35-4A4F-B0C9-AC3213225C33}"
EndProject
Project("{9A19103F-16F7-4668-BE54-9A1E7A4F7556}") = "MedicalSystem.Tests.Services.Patient", "Tests\Patient\MedicalSystem.Tests.Services.Patient.csproj", "{A079278E-555F-45C2-BCDC-4AD610218F3F}"
EndProject
Project("{2150E333-8FDC-42A3-9474-1A3956D46DE8}") = "FrontEnds", "FrontEnds", "{A48AFBBA-21CE-4309-A53B-307F6EA3315E}"
EndProject
Project("{2150E333-8FDC-42A3-9474-1A3956D46DE8}") = "Gateways", "Gateways", "{01C8872A-ECD9-4B48-AB99-FD3B952EDD15}"
EndProject
Project("{9A19103F-16F7-4668-BE54-9A1E7A4F7556}") = "MedicalSystem.Gateways.WebGateway", "Gateways\WebGateway\MedicalSystem.Gateways.WebGateway.csproj", "{473DBC68-25C6-488B-AEB4-1E95246AECB3}"
EndProject
Project("{9A19103F-16F7-4668-BE54-9A1E7A4F7556}") = "MedicalSystem.FrontEnds.WebMvc", "FrontEnds\WebMvc\MedicalSystem.FrontEnds.WebMvc.csproj", "{7A0242EE-8A58-4731-B2A9-86132669F83A}"
EndProject
Project("{9A19103F-16F7-4668-BE54-9A1E7A4F7556}") = "MedicalSystem.Tests.Gateways.WebGateway", "Tests\WebGateway\MedicalSystem.Tests.Gateways.WebGateway.csproj", "{939ADFF2-8236-4168-9DF6-726AB893AB54}"
EndProject
Project("{9A19103F-16F7-4668-BE54-9A1E7A4F7556}") = "MedicalSystem.Tests.FrontEnds.WebMvc", "Tests\WebMvc\MedicalSystem.Tests.FrontEnds.WebMvc.csproj", "{1D291802-4314-46BA-A5C0-AE18CEEAD5AE}"
EndProject
Project("{2150E333-8FDC-42A3-9474-1A3956D46DE8}") = "Jobs", "Jobs", "{F8BC2CD2-FFE8-4DB0-854E-A2B70E7364EE}"
EndProject
Project("{9A19103F-16F7-4668-BE54-9A1E7A4F7556}") = "MedicalSystem.Jobs.DoctorSync", "Jobs\DoctorSync\MedicalSystem.Jobs.DoctorSync.csproj", "{ED47585E-32FF-4114-95D9-5CEB30D66CB7}"
EndProject
Project("{9A19103F-16F7-4668-BE54-9A1E7A4F7556}") = "MedicalSystem.Jobs.PatientSync", "Jobs\PatientSync\MedicalSystem.Jobs.PatientSync.csproj", "{6598CC3C-0AF2-499B-A1E3-C88257C3F7E8}"
EndProject
Project("{9A19103F-16F7-4668-BE54-9A1E7A4F7556}") = "MedicalSystem.Services.Doctor.Api", "Services\Doctor\Api\MedicalSystem.Services.Doctor.Api.csproj", "{9E554F92-38AC-43B2-94DB-50A57C9D1CE7}"
EndProject
Project("{9A19103F-16F7-4668-BE54-9A1E7A4F7556}") = "MedicalSystem.Services.Patient.Api", "Services\Patient\Api\MedicalSystem.Services.Patient.Api.csproj", "{85403BB9-5CEB-4F7C-A17E-7EFF5A8887E1}"
EndProject
Project("{9A19103F-16F7-4668-BE54-9A1E7A4F7556}") = "MedicalSystem.Services.Consultation.Api", "Services\Consultation\Api\MedicalSystem.Services.Consultation.Api.csproj", "{6895E738-02E4-4D81-98C9-BDCF924A55D6}"
EndProject
Project("{2150E333-8FDC-42A3-9474-1A3956D46DE8}") = "Consultation", "Consultation", "{AE06F326-63A2-4F0A-B204-B12D96B00EB7}"
EndProject
Project("{9A19103F-16F7-4668-BE54-9A1E7A4F7556}") = "MedicalSystem.Services.Consultation.Domain", "Services\Consultation\Domain\MedicalSystem.Services.Consultation.Domain.csproj", "{ABC084E3-E0B0-491E-9FC0-556800BDA7DF}"
EndProject
Project("{9A19103F-16F7-4668-BE54-9A1E7A4F7556}") = "MedicalSystem.Services.Consultation.Infrastructure", "Services\Consultation\Infrastructure\MedicalSystem.Services.Consultation.Infrastructure.csproj", "{A6347025-83B6-4125-BC9C-A71560845556}"
EndProject
Project("{2150E333-8FDC-42A3-9474-1A3956D46DE8}") = "Doctor", "Doctor", "{1C2970BE-9B58-4D10-96B7-4693B2CDEE1C}"
EndProject
Project("{2150E333-8FDC-42A3-9474-1A3956D46DE8}") = "Patient", "Patient", "{B1328002-C6DF-4DEA-9C4C-4AA8D5358EA4}"
EndProject
Project("{2150E333-8FDC-42A3-9474-1A3956D46DE8}") = "Admin", "Admin", "{E0459434-0D35-4A7C-8AA1-BC53878B4BB3}"
EndProject
Project("{FAE04EC0-301F-11D3-BF4B-00C04F79EFBC}") = "MedicalSystem.Admin.HealthCheckDashboard", "Admin\HealthCheckDashboard\MedicalSystem.Admin.HealthCheckDashboard.csproj", "{4CA00AB3-5267-4554-AD12-19EAEA8BD8BA}"
EndProject
Global
	GlobalSection(SolutionConfigurationPlatforms) = preSolution
		Debug|Any CPU = Debug|Any CPU
		Release|Any CPU = Release|Any CPU
	EndGlobalSection
	GlobalSection(ProjectConfigurationPlatforms) = postSolution
		{78C8D9A3-C7D5-48BF-80FD-8D92D92F7E94}.Debug|Any CPU.ActiveCfg = Debug|Any CPU
		{78C8D9A3-C7D5-48BF-80FD-8D92D92F7E94}.Debug|Any CPU.Build.0 = Debug|Any CPU
		{78C8D9A3-C7D5-48BF-80FD-8D92D92F7E94}.Release|Any CPU.ActiveCfg = Release|Any CPU
		{78C8D9A3-C7D5-48BF-80FD-8D92D92F7E94}.Release|Any CPU.Build.0 = Release|Any CPU
		{8FC74F4C-8E35-4A4F-B0C9-AC3213225C33}.Debug|Any CPU.ActiveCfg = Debug|Any CPU
		{8FC74F4C-8E35-4A4F-B0C9-AC3213225C33}.Debug|Any CPU.Build.0 = Debug|Any CPU
		{8FC74F4C-8E35-4A4F-B0C9-AC3213225C33}.Release|Any CPU.ActiveCfg = Release|Any CPU
		{8FC74F4C-8E35-4A4F-B0C9-AC3213225C33}.Release|Any CPU.Build.0 = Release|Any CPU
		{A079278E-555F-45C2-BCDC-4AD610218F3F}.Debug|Any CPU.ActiveCfg = Debug|Any CPU
		{A079278E-555F-45C2-BCDC-4AD610218F3F}.Debug|Any CPU.Build.0 = Debug|Any CPU
		{A079278E-555F-45C2-BCDC-4AD610218F3F}.Release|Any CPU.ActiveCfg = Release|Any CPU
		{A079278E-555F-45C2-BCDC-4AD610218F3F}.Release|Any CPU.Build.0 = Release|Any CPU
		{473DBC68-25C6-488B-AEB4-1E95246AECB3}.Debug|Any CPU.ActiveCfg = Debug|Any CPU
		{473DBC68-25C6-488B-AEB4-1E95246AECB3}.Debug|Any CPU.Build.0 = Debug|Any CPU
		{473DBC68-25C6-488B-AEB4-1E95246AECB3}.Release|Any CPU.ActiveCfg = Release|Any CPU
		{473DBC68-25C6-488B-AEB4-1E95246AECB3}.Release|Any CPU.Build.0 = Release|Any CPU
		{7A0242EE-8A58-4731-B2A9-86132669F83A}.Debug|Any CPU.ActiveCfg = Debug|Any CPU
		{7A0242EE-8A58-4731-B2A9-86132669F83A}.Debug|Any CPU.Build.0 = Debug|Any CPU
		{7A0242EE-8A58-4731-B2A9-86132669F83A}.Release|Any CPU.ActiveCfg = Release|Any CPU
		{7A0242EE-8A58-4731-B2A9-86132669F83A}.Release|Any CPU.Build.0 = Release|Any CPU
		{939ADFF2-8236-4168-9DF6-726AB893AB54}.Debug|Any CPU.ActiveCfg = Debug|Any CPU
		{939ADFF2-8236-4168-9DF6-726AB893AB54}.Debug|Any CPU.Build.0 = Debug|Any CPU
		{939ADFF2-8236-4168-9DF6-726AB893AB54}.Release|Any CPU.ActiveCfg = Release|Any CPU
		{939ADFF2-8236-4168-9DF6-726AB893AB54}.Release|Any CPU.Build.0 = Release|Any CPU
		{1D291802-4314-46BA-A5C0-AE18CEEAD5AE}.Debug|Any CPU.ActiveCfg = Debug|Any CPU
		{1D291802-4314-46BA-A5C0-AE18CEEAD5AE}.Debug|Any CPU.Build.0 = Debug|Any CPU
		{1D291802-4314-46BA-A5C0-AE18CEEAD5AE}.Release|Any CPU.ActiveCfg = Release|Any CPU
		{1D291802-4314-46BA-A5C0-AE18CEEAD5AE}.Release|Any CPU.Build.0 = Release|Any CPU
		{ED47585E-32FF-4114-95D9-5CEB30D66CB7}.Debug|Any CPU.ActiveCfg = Debug|Any CPU
		{ED47585E-32FF-4114-95D9-5CEB30D66CB7}.Debug|Any CPU.Build.0 = Debug|Any CPU
		{ED47585E-32FF-4114-95D9-5CEB30D66CB7}.Release|Any CPU.ActiveCfg = Release|Any CPU
		{ED47585E-32FF-4114-95D9-5CEB30D66CB7}.Release|Any CPU.Build.0 = Release|Any CPU
		{6598CC3C-0AF2-499B-A1E3-C88257C3F7E8}.Debug|Any CPU.ActiveCfg = Debug|Any CPU
		{6598CC3C-0AF2-499B-A1E3-C88257C3F7E8}.Debug|Any CPU.Build.0 = Debug|Any CPU
		{6598CC3C-0AF2-499B-A1E3-C88257C3F7E8}.Release|Any CPU.ActiveCfg = Release|Any CPU
		{6598CC3C-0AF2-499B-A1E3-C88257C3F7E8}.Release|Any CPU.Build.0 = Release|Any CPU
		{9E554F92-38AC-43B2-94DB-50A57C9D1CE7}.Debug|Any CPU.ActiveCfg = Debug|Any CPU
		{9E554F92-38AC-43B2-94DB-50A57C9D1CE7}.Debug|Any CPU.Build.0 = Debug|Any CPU
		{9E554F92-38AC-43B2-94DB-50A57C9D1CE7}.Release|Any CPU.ActiveCfg = Release|Any CPU
		{9E554F92-38AC-43B2-94DB-50A57C9D1CE7}.Release|Any CPU.Build.0 = Release|Any CPU
		{85403BB9-5CEB-4F7C-A17E-7EFF5A8887E1}.Debug|Any CPU.ActiveCfg = Debug|Any CPU
		{85403BB9-5CEB-4F7C-A17E-7EFF5A8887E1}.Debug|Any CPU.Build.0 = Debug|Any CPU
		{85403BB9-5CEB-4F7C-A17E-7EFF5A8887E1}.Release|Any CPU.ActiveCfg = Release|Any CPU
		{85403BB9-5CEB-4F7C-A17E-7EFF5A8887E1}.Release|Any CPU.Build.0 = Release|Any CPU
		{6895E738-02E4-4D81-98C9-BDCF924A55D6}.Debug|Any CPU.ActiveCfg = Debug|Any CPU
		{6895E738-02E4-4D81-98C9-BDCF924A55D6}.Debug|Any CPU.Build.0 = Debug|Any CPU
		{6895E738-02E4-4D81-98C9-BDCF924A55D6}.Release|Any CPU.ActiveCfg = Release|Any CPU
		{6895E738-02E4-4D81-98C9-BDCF924A55D6}.Release|Any CPU.Build.0 = Release|Any CPU
		{ABC084E3-E0B0-491E-9FC0-556800BDA7DF}.Debug|Any CPU.ActiveCfg = Debug|Any CPU
		{ABC084E3-E0B0-491E-9FC0-556800BDA7DF}.Debug|Any CPU.Build.0 = Debug|Any CPU
		{ABC084E3-E0B0-491E-9FC0-556800BDA7DF}.Release|Any CPU.ActiveCfg = Release|Any CPU
		{ABC084E3-E0B0-491E-9FC0-556800BDA7DF}.Release|Any CPU.Build.0 = Release|Any CPU
		{A6347025-83B6-4125-BC9C-A71560845556}.Debug|Any CPU.ActiveCfg = Debug|Any CPU
		{A6347025-83B6-4125-BC9C-A71560845556}.Debug|Any CPU.Build.0 = Debug|Any CPU
		{A6347025-83B6-4125-BC9C-A71560845556}.Release|Any CPU.ActiveCfg = Release|Any CPU
		{A6347025-83B6-4125-BC9C-A71560845556}.Release|Any CPU.Build.0 = Release|Any CPU
		{4CA00AB3-5267-4554-AD12-19EAEA8BD8BA}.Debug|Any CPU.ActiveCfg = Debug|Any CPU
		{4CA00AB3-5267-4554-AD12-19EAEA8BD8BA}.Debug|Any CPU.Build.0 = Debug|Any CPU
		{4CA00AB3-5267-4554-AD12-19EAEA8BD8BA}.Release|Any CPU.ActiveCfg = Release|Any CPU
		{4CA00AB3-5267-4554-AD12-19EAEA8BD8BA}.Release|Any CPU.Build.0 = Release|Any CPU
	EndGlobalSection
	GlobalSection(SolutionProperties) = preSolution
		HideSolutionNode = FALSE
	EndGlobalSection
	GlobalSection(NestedProjects) = preSolution
		{78C8D9A3-C7D5-48BF-80FD-8D92D92F7E94} = {1488AC4C-E1AC-4800-8CA9-1526892A3224}
		{8FC74F4C-8E35-4A4F-B0C9-AC3213225C33} = {1488AC4C-E1AC-4800-8CA9-1526892A3224}
		{A079278E-555F-45C2-BCDC-4AD610218F3F} = {1488AC4C-E1AC-4800-8CA9-1526892A3224}
		{473DBC68-25C6-488B-AEB4-1E95246AECB3} = {01C8872A-ECD9-4B48-AB99-FD3B952EDD15}
		{7A0242EE-8A58-4731-B2A9-86132669F83A} = {A48AFBBA-21CE-4309-A53B-307F6EA3315E}
		{939ADFF2-8236-4168-9DF6-726AB893AB54} = {1488AC4C-E1AC-4800-8CA9-1526892A3224}
		{1D291802-4314-46BA-A5C0-AE18CEEAD5AE} = {1488AC4C-E1AC-4800-8CA9-1526892A3224}
		{ED47585E-32FF-4114-95D9-5CEB30D66CB7} = {F8BC2CD2-FFE8-4DB0-854E-A2B70E7364EE}
		{6598CC3C-0AF2-499B-A1E3-C88257C3F7E8} = {F8BC2CD2-FFE8-4DB0-854E-A2B70E7364EE}
		{9E554F92-38AC-43B2-94DB-50A57C9D1CE7} = {1C2970BE-9B58-4D10-96B7-4693B2CDEE1C}
		{85403BB9-5CEB-4F7C-A17E-7EFF5A8887E1} = {B1328002-C6DF-4DEA-9C4C-4AA8D5358EA4}
		{6895E738-02E4-4D81-98C9-BDCF924A55D6} = {AE06F326-63A2-4F0A-B204-B12D96B00EB7}
		{AE06F326-63A2-4F0A-B204-B12D96B00EB7} = {ABAF6BD2-218E-4718-9DBB-309F3622FCD8}
		{ABC084E3-E0B0-491E-9FC0-556800BDA7DF} = {AE06F326-63A2-4F0A-B204-B12D96B00EB7}
		{A6347025-83B6-4125-BC9C-A71560845556} = {AE06F326-63A2-4F0A-B204-B12D96B00EB7}
		{1C2970BE-9B58-4D10-96B7-4693B2CDEE1C} = {ABAF6BD2-218E-4718-9DBB-309F3622FCD8}
		{B1328002-C6DF-4DEA-9C4C-4AA8D5358EA4} = {ABAF6BD2-218E-4718-9DBB-309F3622FCD8}
		{4CA00AB3-5267-4554-AD12-19EAEA8BD8BA} = {E0459434-0D35-4A7C-8AA1-BC53878B4BB3}
	EndGlobalSection
	GlobalSection(ExtensibilityGlobals) = postSolution
		SolutionGuid = {52221F93-7556-4DAB-A5ED-97E1C70E5377}
	EndGlobalSection
EndGlobal
