
Microsoft Visual Studio Solution File, Format Version 12.00
# Visual Studio Version 16
VisualStudioVersion = 16.0.30002.166
MinimumVisualStudioVersion = 10.0.40219.1
Project("{2150E333-8FDC-42A3-9474-1A3956D46DE8}") = "Services", "Services", "{ABAF6BD2-218E-4718-9DBB-309F3622FCD8}"
EndProject
Project("{9A19103F-16F7-4668-BE54-9A1E7A4F7556}") = "MedicalSystem.Services.Doctor", "Services\Doctor\MedicalSystem.Services.Doctor.csproj", "{56778B85-CCCB-4495-A596-76DE2FFCF866}"
EndProject
Project("{9A19103F-16F7-4668-BE54-9A1E7A4F7556}") = "MedicalSystem.Services.Patent", "Services\Patent\MedicalSystem.Services.Patent.csproj", "{7C3D2CDC-9338-4485-A399-2027A9507A67}"
EndProject
Project("{9A19103F-16F7-4668-BE54-9A1E7A4F7556}") = "MedicalSystem.Services.Consultation", "Services\Consultation\MedicalSystem.Services.Consultation.csproj", "{75606F3A-07D3-4542-B248-3137D74717BE}"
EndProject
Project("{2150E333-8FDC-42A3-9474-1A3956D46DE8}") = "Tests", "Tests", "{1488AC4C-E1AC-4800-8CA9-1526892A3224}"
EndProject
Project("{9A19103F-16F7-4668-BE54-9A1E7A4F7556}") = "MedicalSystem.Tests.Services.Consultation", "Tests\Consultation\MedicalSystem.Tests.Services.Consultation.csproj", "{78C8D9A3-C7D5-48BF-80FD-8D92D92F7E94}"
EndProject
Project("{9A19103F-16F7-4668-BE54-9A1E7A4F7556}") = "MedicalSystem.Tests.Services.Doctor", "Tests\Doctor\MedicalSystem.Tests.Services.Doctor.csproj", "{8FC74F4C-8E35-4A4F-B0C9-AC3213225C33}"
EndProject
Project("{9A19103F-16F7-4668-BE54-9A1E7A4F7556}") = "MedicalSystem.Tests.Services.Patent", "Tests\Patent\MedicalSystem.Tests.Services.Patent.csproj", "{A079278E-555F-45C2-BCDC-4AD610218F3F}"
EndProject
Project("{2150E333-8FDC-42A3-9474-1A3956D46DE8}") = "FrontEnds", "FrontEnds", "{A48AFBBA-21CE-4309-A53B-307F6EA3315E}"
EndProject
Project("{2150E333-8FDC-42A3-9474-1A3956D46DE8}") = "Gateways", "Gateways", "{01C8872A-ECD9-4B48-AB99-FD3B952EDD15}"
EndProject
Project("{9A19103F-16F7-4668-BE54-9A1E7A4F7556}") = "MedicalSystem.Gateways.WebGateway", "Gateways\WebGateway\MedicalSystem.Gateways.WebGateway.csproj", "{473DBC68-25C6-488B-AEB4-1E95246AECB3}"
EndProject
Project("{9A19103F-16F7-4668-BE54-9A1E7A4F7556}") = "MedicalSystem.FrontEnds.WebMvc", "FrontEnds\WebMvc\MedicalSystem.FrontEnds.WebMvc.csproj", "{7A0242EE-8A58-4731-B2A9-86132669F83A}"
EndProject
Project("{9A19103F-16F7-4668-BE54-9A1E7A4F7556}") = "MedicalSystem.Tests.Gateways.WebGateway", "Tests\WebGateway\MedicalSystem.Tests.Gateways.WebGateway.csproj", "{939ADFF2-8236-4168-9DF6-726AB893AB54}"
EndProject
Project("{9A19103F-16F7-4668-BE54-9A1E7A4F7556}") = "MedicalSystem.Tests.FrontEnds.WebMvc", "Tests\WebMvc\MedicalSystem.Tests.FrontEnds.WebMvc.csproj", "{1D291802-4314-46BA-A5C0-AE18CEEAD5AE}"
EndProject
Project("{2150E333-8FDC-42A3-9474-1A3956D46DE8}") = "Jobs", "Jobs", "{F8BC2CD2-FFE8-4DB0-854E-A2B70E7364EE}"
EndProject
Project("{9A19103F-16F7-4668-BE54-9A1E7A4F7556}") = "MedicalSystem.Jobs.DoctorSync", "Jobs\DoctorSync\MedicalSystem.Jobs.DoctorSync.csproj", "{ED47585E-32FF-4114-95D9-5CEB30D66CB7}"
EndProject
Project("{FAE04EC0-301F-11D3-BF4B-00C04F79EFBC}") = "MedicalSystem.Jobs.PatentSync", "Jobs\PatentSync\MedicalSystem.Jobs.PatentSync.csproj", "{6598CC3C-0AF2-499B-A1E3-C88257C3F7E8}"
EndProject
Global
	GlobalSection(SolutionConfigurationPlatforms) = preSolution
		Debug|Any CPU = Debug|Any CPU
		Release|Any CPU = Release|Any CPU
	EndGlobalSection
	GlobalSection(ProjectConfigurationPlatforms) = postSolution
		{56778B85-CCCB-4495-A596-76DE2FFCF866}.Debug|Any CPU.ActiveCfg = Debug|Any CPU
		{56778B85-CCCB-4495-A596-76DE2FFCF866}.Debug|Any CPU.Build.0 = Debug|Any CPU
		{56778B85-CCCB-4495-A596-76DE2FFCF866}.Release|Any CPU.ActiveCfg = Release|Any CPU
		{56778B85-CCCB-4495-A596-76DE2FFCF866}.Release|Any CPU.Build.0 = Release|Any CPU
		{7C3D2CDC-9338-4485-A399-2027A9507A67}.Debug|Any CPU.ActiveCfg = Debug|Any CPU
		{7C3D2CDC-9338-4485-A399-2027A9507A67}.Debug|Any CPU.Build.0 = Debug|Any CPU
		{7C3D2CDC-9338-4485-A399-2027A9507A67}.Release|Any CPU.ActiveCfg = Release|Any CPU
		{7C3D2CDC-9338-4485-A399-2027A9507A67}.Release|Any CPU.Build.0 = Release|Any CPU
		{75606F3A-07D3-4542-B248-3137D74717BE}.Debug|Any CPU.ActiveCfg = Debug|Any CPU
		{75606F3A-07D3-4542-B248-3137D74717BE}.Debug|Any CPU.Build.0 = Debug|Any CPU
		{75606F3A-07D3-4542-B248-3137D74717BE}.Release|Any CPU.ActiveCfg = Release|Any CPU
		{75606F3A-07D3-4542-B248-3137D74717BE}.Release|Any CPU.Build.0 = Release|Any CPU
		{78C8D9A3-C7D5-48BF-80FD-8D92D92F7E94}.Debug|Any CPU.ActiveCfg = Debug|Any CPU
		{78C8D9A3-C7D5-48BF-80FD-8D92D92F7E94}.Debug|Any CPU.Build.0 = Debug|Any CPU
		{78C8D9A3-C7D5-48BF-80FD-8D92D92F7E94}.Release|Any CPU.ActiveCfg = Release|Any CPU
		{78C8D9A3-C7D5-48BF-80FD-8D92D92F7E94}.Release|Any CPU.Build.0 = Release|Any CPU
		{8FC74F4C-8E35-4A4F-B0C9-AC3213225C33}.Debug|Any CPU.ActiveCfg = Debug|Any CPU
		{8FC74F4C-8E35-4A4F-B0C9-AC3213225C33}.Debug|Any CPU.Build.0 = Debug|Any CPU
		{8FC74F4C-8E35-4A4F-B0C9-AC3213225C33}.Release|Any CPU.ActiveCfg = Release|Any CPU
		{8FC74F4C-8E35-4A4F-B0C9-AC3213225C33}.Release|Any CPU.Build.0 = Release|Any CPU
		{A079278E-555F-45C2-BCDC-4AD610218F3F}.Debug|Any CPU.ActiveCfg = Debug|Any CPU
		{A079278E-555F-45C2-BCDC-4AD610218F3F}.Debug|Any CPU.Build.0 = Debug|Any CPU
		{A079278E-555F-45C2-BCDC-4AD610218F3F}.Release|Any CPU.ActiveCfg = Release|Any CPU
		{A079278E-555F-45C2-BCDC-4AD610218F3F}.Release|Any CPU.Build.0 = Release|Any CPU
		{473DBC68-25C6-488B-AEB4-1E95246AECB3}.Debug|Any CPU.ActiveCfg = Debug|Any CPU
		{473DBC68-25C6-488B-AEB4-1E95246AECB3}.Debug|Any CPU.Build.0 = Debug|Any CPU
		{473DBC68-25C6-488B-AEB4-1E95246AECB3}.Release|Any CPU.ActiveCfg = Release|Any CPU
		{473DBC68-25C6-488B-AEB4-1E95246AECB3}.Release|Any CPU.Build.0 = Release|Any CPU
		{7A0242EE-8A58-4731-B2A9-86132669F83A}.Debug|Any CPU.ActiveCfg = Debug|Any CPU
		{7A0242EE-8A58-4731-B2A9-86132669F83A}.Debug|Any CPU.Build.0 = Debug|Any CPU
		{7A0242EE-8A58-4731-B2A9-86132669F83A}.Release|Any CPU.ActiveCfg = Release|Any CPU
		{7A0242EE-8A58-4731-B2A9-86132669F83A}.Release|Any CPU.Build.0 = Release|Any CPU
		{939ADFF2-8236-4168-9DF6-726AB893AB54}.Debug|Any CPU.ActiveCfg = Debug|Any CPU
		{939ADFF2-8236-4168-9DF6-726AB893AB54}.Debug|Any CPU.Build.0 = Debug|Any CPU
		{939ADFF2-8236-4168-9DF6-726AB893AB54}.Release|Any CPU.ActiveCfg = Release|Any CPU
		{939ADFF2-8236-4168-9DF6-726AB893AB54}.Release|Any CPU.Build.0 = Release|Any CPU
		{1D291802-4314-46BA-A5C0-AE18CEEAD5AE}.Debug|Any CPU.ActiveCfg = Debug|Any CPU
		{1D291802-4314-46BA-A5C0-AE18CEEAD5AE}.Debug|Any CPU.Build.0 = Debug|Any CPU
		{1D291802-4314-46BA-A5C0-AE18CEEAD5AE}.Release|Any CPU.ActiveCfg = Release|Any CPU
		{1D291802-4314-46BA-A5C0-AE18CEEAD5AE}.Release|Any CPU.Build.0 = Release|Any CPU
		{ED47585E-32FF-4114-95D9-5CEB30D66CB7}.Debug|Any CPU.ActiveCfg = Debug|Any CPU
		{ED47585E-32FF-4114-95D9-5CEB30D66CB7}.Debug|Any CPU.Build.0 = Debug|Any CPU
		{ED47585E-32FF-4114-95D9-5CEB30D66CB7}.Release|Any CPU.ActiveCfg = Release|Any CPU
		{ED47585E-32FF-4114-95D9-5CEB30D66CB7}.Release|Any CPU.Build.0 = Release|Any CPU
		{6598CC3C-0AF2-499B-A1E3-C88257C3F7E8}.Debug|Any CPU.ActiveCfg = Debug|Any CPU
		{6598CC3C-0AF2-499B-A1E3-C88257C3F7E8}.Debug|Any CPU.Build.0 = Debug|Any CPU
		{6598CC3C-0AF2-499B-A1E3-C88257C3F7E8}.Release|Any CPU.ActiveCfg = Release|Any CPU
		{6598CC3C-0AF2-499B-A1E3-C88257C3F7E8}.Release|Any CPU.Build.0 = Release|Any CPU
	EndGlobalSection
	GlobalSection(SolutionProperties) = preSolution
		HideSolutionNode = FALSE
	EndGlobalSection
	GlobalSection(NestedProjects) = preSolution
		{56778B85-CCCB-4495-A596-76DE2FFCF866} = {ABAF6BD2-218E-4718-9DBB-309F3622FCD8}
		{7C3D2CDC-9338-4485-A399-2027A9507A67} = {ABAF6BD2-218E-4718-9DBB-309F3622FCD8}
		{75606F3A-07D3-4542-B248-3137D74717BE} = {ABAF6BD2-218E-4718-9DBB-309F3622FCD8}
		{78C8D9A3-C7D5-48BF-80FD-8D92D92F7E94} = {1488AC4C-E1AC-4800-8CA9-1526892A3224}
		{8FC74F4C-8E35-4A4F-B0C9-AC3213225C33} = {1488AC4C-E1AC-4800-8CA9-1526892A3224}
		{A079278E-555F-45C2-BCDC-4AD610218F3F} = {1488AC4C-E1AC-4800-8CA9-1526892A3224}
		{473DBC68-25C6-488B-AEB4-1E95246AECB3} = {01C8872A-ECD9-4B48-AB99-FD3B952EDD15}
		{7A0242EE-8A58-4731-B2A9-86132669F83A} = {A48AFBBA-21CE-4309-A53B-307F6EA3315E}
		{939ADFF2-8236-4168-9DF6-726AB893AB54} = {1488AC4C-E1AC-4800-8CA9-1526892A3224}
		{1D291802-4314-46BA-A5C0-AE18CEEAD5AE} = {1488AC4C-E1AC-4800-8CA9-1526892A3224}
		{ED47585E-32FF-4114-95D9-5CEB30D66CB7} = {F8BC2CD2-FFE8-4DB0-854E-A2B70E7364EE}
		{6598CC3C-0AF2-499B-A1E3-C88257C3F7E8} = {F8BC2CD2-FFE8-4DB0-854E-A2B70E7364EE}
	EndGlobalSection
	GlobalSection(ExtensibilityGlobals) = postSolution
		SolutionGuid = {52221F93-7556-4DAB-A5ED-97E1C70E5377}
	EndGlobalSection
EndGlobal
